
Microsoft Visual Studio Solution File, Format Version 12.00
# Visual Studio Version 17
VisualStudioVersion = 17.9.34622.214
MinimumVisualStudioVersion = 10.0.40219.1
Project("{9A19103F-16F7-4668-BE54-9A1E7A4F7556}") = "OTreeView", "OTreeView\OTreeView.csproj", "{2AAF4EF1-0779-4E75-A5BD-07099098D8CD}"
EndProject
Project("{2150E333-8FDC-42A3-9474-1A3956D46DE8}") = "Solution Items", "Solution Items", "{0A99737F-8855-4A22-8A47-0E2C81577A79}"
	ProjectSection(SolutionItems) = preProject
		.editorconfig = .editorconfig
		..\README.md = ..\README.md
	EndProjectSection
EndProject
Project("{9A19103F-16F7-4668-BE54-9A1E7A4F7556}") = "OneTreeView", "Examples\OneTreeView\OneTreeView.csproj", "{D56390AD-20CC-424E-A64B-1F8FD15729E0}"
EndProject
Project("{2150E333-8FDC-42A3-9474-1A3956D46DE8}") = "Examples", "Examples", "{D2928DE3-737D-4C1F-98A8-5FF0F9A3E565}"
EndProject
Project("{9A19103F-16F7-4668-BE54-9A1E7A4F7556}") = "TwoTreeViews", "Examples\TwoTreeViews\TwoTreeViews.csproj", "{E13A6B0F-D92B-41F5-A230-68163E0E1F54}"
EndProject
Project("{2150E333-8FDC-42A3-9474-1A3956D46DE8}") = ".github", ".github", "{C0C4A520-AFE9-4D7F-8DF2-EF6DA623E31D}"
EndProject
Project("{2150E333-8FDC-42A3-9474-1A3956D46DE8}") = "workflows", "workflows", "{4D86EEA7-8917-44DF-BA6A-71A63F831E21}"
	ProjectSection(SolutionItems) = preProject
		..\.github\workflows\nuget.release.yml = ..\.github\workflows\nuget.release.yml
		..\.github\workflows\tests.master.yml = ..\.github\workflows\tests.master.yml
	EndProjectSection
EndProject
Global
	GlobalSection(SolutionConfigurationPlatforms) = preSolution
		Debug|Any CPU = Debug|Any CPU
		Release|Any CPU = Release|Any CPU
	EndGlobalSection
	GlobalSection(ProjectConfigurationPlatforms) = postSolution
		{2AAF4EF1-0779-4E75-A5BD-07099098D8CD}.Debug|Any CPU.ActiveCfg = Debug|Any CPU
		{2AAF4EF1-0779-4E75-A5BD-07099098D8CD}.Debug|Any CPU.Build.0 = Debug|Any CPU
		{2AAF4EF1-0779-4E75-A5BD-07099098D8CD}.Release|Any CPU.ActiveCfg = Release|Any CPU
		{2AAF4EF1-0779-4E75-A5BD-07099098D8CD}.Release|Any CPU.Build.0 = Release|Any CPU
		{D56390AD-20CC-424E-A64B-1F8FD15729E0}.Debug|Any CPU.ActiveCfg = Debug|Any CPU
		{D56390AD-20CC-424E-A64B-1F8FD15729E0}.Debug|Any CPU.Build.0 = Debug|Any CPU
		{D56390AD-20CC-424E-A64B-1F8FD15729E0}.Release|Any CPU.ActiveCfg = Release|Any CPU
		{D56390AD-20CC-424E-A64B-1F8FD15729E0}.Release|Any CPU.Build.0 = Release|Any CPU
		{E13A6B0F-D92B-41F5-A230-68163E0E1F54}.Debug|Any CPU.ActiveCfg = Debug|Any CPU
		{E13A6B0F-D92B-41F5-A230-68163E0E1F54}.Debug|Any CPU.Build.0 = Debug|Any CPU
		{E13A6B0F-D92B-41F5-A230-68163E0E1F54}.Release|Any CPU.ActiveCfg = Release|Any CPU
		{E13A6B0F-D92B-41F5-A230-68163E0E1F54}.Release|Any CPU.Build.0 = Release|Any CPU
	EndGlobalSection
	GlobalSection(SolutionProperties) = preSolution
		HideSolutionNode = FALSE
	EndGlobalSection
	GlobalSection(NestedProjects) = preSolution
		{D56390AD-20CC-424E-A64B-1F8FD15729E0} = {D2928DE3-737D-4C1F-98A8-5FF0F9A3E565}
		{E13A6B0F-D92B-41F5-A230-68163E0E1F54} = {D2928DE3-737D-4C1F-98A8-5FF0F9A3E565}
		{C0C4A520-AFE9-4D7F-8DF2-EF6DA623E31D} = {0A99737F-8855-4A22-8A47-0E2C81577A79}
		{4D86EEA7-8917-44DF-BA6A-71A63F831E21} = {C0C4A520-AFE9-4D7F-8DF2-EF6DA623E31D}
	EndGlobalSection
	GlobalSection(ExtensibilityGlobals) = postSolution
		SolutionGuid = {B4E7A004-9E75-45BA-8241-78FA84EA8584}
	EndGlobalSection
EndGlobal
